
Microsoft Visual Studio Solution File, Format Version 11.00
# Visual Studio 2010
Project("{FAE04EC0-301F-11D3-BF4B-00C04F79EFBC}") = "HFM.Log.Tool", "HFM.Log.Tool\HFM.Log.Tool.csproj", "{A8552DC2-2B4E-4193-A12B-2560586B7B42}"
EndProject
Project("{FAE04EC0-301F-11D3-BF4B-00C04F79EFBC}") = "HFM.Log", "HFM.Log\HFM.Log.csproj", "{2C3EA8A1-D17F-419D-A76A-970550FB5A09}"
EndProject
Project("{FAE04EC0-301F-11D3-BF4B-00C04F79EFBC}") = "HFM.Framework.DataTypes", "HFM.Framework.DataTypes\HFM.Framework.DataTypes.csproj", "{B294C8E0-63AD-47CF-8DE5-CE44C046DF89}"
EndProject
Project("{FAE04EC0-301F-11D3-BF4B-00C04F79EFBC}") = "HFM.Framework", "HFM.Framework\HFM.Framework.csproj", "{FFFF3DE4-8620-4C13-A968-ADF58133146B}"
EndProject
Global
	GlobalSection(SolutionConfigurationPlatforms) = preSolution
		Debug|Any CPU = Debug|Any CPU
		DebugDev|Any CPU = DebugDev|Any CPU
		Release|Any CPU = Release|Any CPU
		ReleaseDev|Any CPU = ReleaseDev|Any CPU
	EndGlobalSection
	GlobalSection(ProjectConfigurationPlatforms) = postSolution
		{A8552DC2-2B4E-4193-A12B-2560586B7B42}.Debug|Any CPU.ActiveCfg = Debug|Any CPU
		{A8552DC2-2B4E-4193-A12B-2560586B7B42}.Debug|Any CPU.Build.0 = Debug|Any CPU
		{A8552DC2-2B4E-4193-A12B-2560586B7B42}.DebugDev|Any CPU.ActiveCfg = DebugDev|Any CPU
		{A8552DC2-2B4E-4193-A12B-2560586B7B42}.DebugDev|Any CPU.Build.0 = DebugDev|Any CPU
		{A8552DC2-2B4E-4193-A12B-2560586B7B42}.Release|Any CPU.ActiveCfg = Release|Any CPU
		{A8552DC2-2B4E-4193-A12B-2560586B7B42}.Release|Any CPU.Build.0 = Release|Any CPU
		{A8552DC2-2B4E-4193-A12B-2560586B7B42}.ReleaseDev|Any CPU.ActiveCfg = ReleaseDev|Any CPU
		{A8552DC2-2B4E-4193-A12B-2560586B7B42}.ReleaseDev|Any CPU.Build.0 = ReleaseDev|Any CPU
		{2C3EA8A1-D17F-419D-A76A-970550FB5A09}.Debug|Any CPU.ActiveCfg = Debug|Any CPU
		{2C3EA8A1-D17F-419D-A76A-970550FB5A09}.Debug|Any CPU.Build.0 = Debug|Any CPU
		{2C3EA8A1-D17F-419D-A76A-970550FB5A09}.DebugDev|Any CPU.ActiveCfg = Debug|Any CPU
		{2C3EA8A1-D17F-419D-A76A-970550FB5A09}.DebugDev|Any CPU.Build.0 = Debug|Any CPU
		{2C3EA8A1-D17F-419D-A76A-970550FB5A09}.Release|Any CPU.ActiveCfg = Release|Any CPU
		{2C3EA8A1-D17F-419D-A76A-970550FB5A09}.Release|Any CPU.Build.0 = Release|Any CPU
		{2C3EA8A1-D17F-419D-A76A-970550FB5A09}.ReleaseDev|Any CPU.ActiveCfg = Release|Any CPU
		{2C3EA8A1-D17F-419D-A76A-970550FB5A09}.ReleaseDev|Any CPU.Build.0 = Release|Any CPU
		{B294C8E0-63AD-47CF-8DE5-CE44C046DF89}.Debug|Any CPU.ActiveCfg = Debug|Any CPU
		{B294C8E0-63AD-47CF-8DE5-CE44C046DF89}.Debug|Any CPU.Build.0 = Debug|Any CPU
		{B294C8E0-63AD-47CF-8DE5-CE44C046DF89}.DebugDev|Any CPU.ActiveCfg = Debug|Any CPU
		{B294C8E0-63AD-47CF-8DE5-CE44C046DF89}.DebugDev|Any CPU.Build.0 = Debug|Any CPU
		{B294C8E0-63AD-47CF-8DE5-CE44C046DF89}.Release|Any CPU.ActiveCfg = Release|Any CPU
		{B294C8E0-63AD-47CF-8DE5-CE44C046DF89}.Release|Any CPU.Build.0 = Release|Any CPU
		{B294C8E0-63AD-47CF-8DE5-CE44C046DF89}.ReleaseDev|Any CPU.ActiveCfg = Release|Any CPU
		{B294C8E0-63AD-47CF-8DE5-CE44C046DF89}.ReleaseDev|Any CPU.Build.0 = Release|Any CPU
		{FFFF3DE4-8620-4C13-A968-ADF58133146B}.Debug|Any CPU.ActiveCfg = Debug|Any CPU
		{FFFF3DE4-8620-4C13-A968-ADF58133146B}.Debug|Any CPU.Build.0 = Debug|Any CPU
		{FFFF3DE4-8620-4C13-A968-ADF58133146B}.DebugDev|Any CPU.ActiveCfg = Debug|Any CPU
		{FFFF3DE4-8620-4C13-A968-ADF58133146B}.DebugDev|Any CPU.Build.0 = Debug|Any CPU
		{FFFF3DE4-8620-4C13-A968-ADF58133146B}.Release|Any CPU.ActiveCfg = Release|Any CPU
		{FFFF3DE4-8620-4C13-A968-ADF58133146B}.Release|Any CPU.Build.0 = Release|Any CPU
		{FFFF3DE4-8620-4C13-A968-ADF58133146B}.ReleaseDev|Any CPU.ActiveCfg = Release|Any CPU
		{FFFF3DE4-8620-4C13-A968-ADF58133146B}.ReleaseDev|Any CPU.Build.0 = Release|Any CPU
	EndGlobalSection
	GlobalSection(SolutionProperties) = preSolution
		HideSolutionNode = FALSE
	EndGlobalSection
EndGlobal
