{
  "version": 1,
  "dependencies": {
    "net6.0": {
      "coverlet.collector": {
        "type": "Direct",
        "requested": "[3.2.0, )",
        "resolved": "3.2.0",
        "contentHash": "xjY8xBigSeWIYs4I7DgUHqSNoGqnHi7Fv7/7RZD02rvZyG3hlsjnQKiVKVWKgr9kRKgmV+dEfu8KScvysiC0Wg=="
      },
      "Microsoft.NET.Test.Sdk": {
        "type": "Direct",
        "requested": "[17.4.0, )",
        "resolved": "17.4.0",
        "contentHash": "VtNZQ83ntG2aEUjy1gq6B4HNdn96se6FmdY/03At8WiqDReGrApm6OB2fNiSHz9D6IIEtWtNZ2FSH0RJDVXl/w==",
        "dependencies": {
          "Microsoft.CodeCoverage": "17.4.0",
          "Microsoft.TestPlatform.TestHost": "17.4.0"
        }
      },
      "Moq": {
        "type": "Direct",
        "requested": "[4.18.2, )",
        "resolved": "4.18.2",
        "contentHash": "SjxKYS5nX6prcaT8ZjbkONh3vnh0Rxru09+gQ1a07v4TM530Oe/jq3Q4dOZPfo1wq0LYmTgLOZKrqRfEx4auPw==",
        "dependencies": {
          "Castle.Core": "5.1.0"
        }
      },
      "NUnit": {
        "type": "Direct",
        "requested": "[3.13.3, )",
        "resolved": "3.13.3",
        "contentHash": "KNPDpls6EfHwC3+nnA67fh5wpxeLb3VLFAfLxrug6JMYDLHH6InaQIWR7Sc3y75d/9IKzMksH/gi08W7XWbmnQ==",
        "dependencies": {
          "NETStandard.Library": "2.0.0"
        }
      },
      "NUnit3TestAdapter": {
        "type": "Direct",
        "requested": "[4.3.1, )",
        "resolved": "4.3.1",
        "contentHash": "R+bGFtsUpLWywjT1nb3xMmoVa2AIw6ClIGC+XjW9lYE8hwJeos+NdR/mtg4RXbBphmC9epALrnUc6MM7mUG8+Q=="
      },
      "AutoMapper": {
        "type": "Transitive",
        "resolved": "10.1.1",
        "contentHash": "uMgbqOdu9ZG5cIOty0C85hzzayBH2i9BthnS5FlMqKtMSHDv4ts81a2jS1VFaDBVhlBeIqJ/kQKjQY95BZde9w==",
        "dependencies": {
          "Microsoft.CSharp": "4.7.0",
          "System.Reflection.Emit": "4.7.0"
        }
      },
      "Castle.Core": {
        "type": "Transitive",
        "resolved": "5.1.0",
        "contentHash": "31UJpTHOiWq95CDOHazE3Ub/hE/PydNWsJMwnEVTqFFP4WhAugwpaVGxzOxKgNeSUUeqS2W6lxV+q7u1pAOfXg==",
        "dependencies": {
          "System.Diagnostics.EventLog": "6.0.0"
        }
      },
      "HFM.Client": {
        "type": "Transitive",
        "resolved": "0.6.0",
        "contentHash": "RzE+hO4p8vQwLU+Ho6BImX1UMxjQNVEOG1C1V3VdJ2P7Is8Gsb++Ih7gCwxzKEE3IbHn33xpfIW1YCACXhS4EA==",
        "dependencies": {
          "Newtonsoft.Json": "11.0.1"
        }
      },
      "HFM.Log": {
        "type": "Transitive",
        "resolved": "0.4.0",
        "contentHash": "Lb0QT05Bu8PctDeMZ6yQPtSn4HLyZG/FQf1mCfAMPFa2N07dRWDRfhFFdQlF7+soX+yyChdDqXWSsIrsy6he/g=="
      },
      "HFM.Proteins": {
        "type": "Transitive",
        "resolved": "0.3.0",
        "contentHash": "RSr0vRdqll00U2u0EeKCERah9IRb/+wZGONJVSzu7PtLEhD4Bf9+2IK0y+OmEYcVTseJneT+jgHg5cLJK3KRBQ==",
        "dependencies": {
          "Newtonsoft.Json": "11.0.1"
        }
      },
      "Microsoft.CodeCoverage": {
        "type": "Transitive",
        "resolved": "17.4.0",
        "contentHash": "2oZbSVTC2nAvQ2DnbXLlXS+c25ZyZdWeNd+znWwAxwGaPh9dwQ5NBsYyqQB7sKmJKIUdkKGmN3rzFzjVC81Dtg=="
      },
      "Microsoft.CSharp": {
        "type": "Transitive",
        "resolved": "4.7.0",
        "contentHash": "pTj+D3uJWyN3My70i2Hqo+OXixq3Os2D1nJ2x92FFo6sk8fYS1m1WLNTs0Dc1uPaViH0YvEEwvzddQ7y4rhXmA=="
      },
      "Microsoft.Data.Sqlite.Core": {
        "type": "Transitive",
        "resolved": "6.0.4",
        "contentHash": "3TZX7R2aX1TX5m4A5Kj+SY633NJDeHDP6JiDRCwUnJGKC3IrHgnO8p+oT2hRZpN168qx4Ixe4T9C+xZdZc26gw==",
        "dependencies": {
          "SQLitePCLRaw.core": "2.0.6"
        }
      },
      "Microsoft.EntityFrameworkCore": {
        "type": "Transitive",
        "resolved": "6.0.4",
        "contentHash": "gTh3SJsF5WNjEmG32kYc3U4tjeTIv55QOrwHAJcF/xtrIVMteDHMArGC35N0dw86WFY0v8yFkKYKOIOln4jkfQ==",
        "dependencies": {
          "Microsoft.EntityFrameworkCore.Abstractions": "6.0.4",
          "Microsoft.EntityFrameworkCore.Analyzers": "6.0.4",
          "Microsoft.Extensions.Caching.Memory": "6.0.1",
          "Microsoft.Extensions.DependencyInjection": "6.0.0",
          "Microsoft.Extensions.Logging": "6.0.0",
          "System.Collections.Immutable": "6.0.0",
          "System.Diagnostics.DiagnosticSource": "6.0.0"
        }
      },
      "Microsoft.EntityFrameworkCore.Abstractions": {
        "type": "Transitive",
        "resolved": "6.0.4",
        "contentHash": "jycTQF0FUJp10cGWBmtsyFhQNeISU9CltDRKCaNiX4QRSEFzgRgaFN4vAFK0T+G5etmXugyddijE4NWCGtgznQ=="
      },
      "Microsoft.EntityFrameworkCore.Analyzers": {
        "type": "Transitive",
        "resolved": "6.0.4",
        "contentHash": "t12WodVyGGP2CuLo7R1qwcawHY5zlg+GiQzvkceZpsjcFJVyTFFBFDPg1isBtzurLzWsl+G3z5fVXeic90mPxg=="
      },
      "Microsoft.EntityFrameworkCore.Relational": {
        "type": "Transitive",
        "resolved": "6.0.4",
        "contentHash": "E867NbEXYRTElBF5ff+1AN5Awa1jkORy/Rrm0ueibaTAV5uw89LsLoH6yTe+b9urZTWMHtLfGd1RDdNjk8+KzA==",
        "dependencies": {
          "Microsoft.EntityFrameworkCore": "6.0.4",
          "Microsoft.Extensions.Configuration.Abstractions": "6.0.0"
        }
      },
      "Microsoft.EntityFrameworkCore.Sqlite": {
        "type": "Transitive",
        "resolved": "6.0.4",
        "contentHash": "nn3UB4PxqnECcEWJPcIKrcuGnevf/lPd/LqFgLVYgqYe8teVqpI/yCKSDOPkEkrAbjWAB0Sgx+q59XpT5YphKQ==",
        "dependencies": {
          "Microsoft.EntityFrameworkCore.Sqlite.Core": "6.0.4",
          "SQLitePCLRaw.bundle_e_sqlite3": "2.0.6"
        }
      },
      "Microsoft.EntityFrameworkCore.Sqlite.Core": {
        "type": "Transitive",
        "resolved": "6.0.4",
        "contentHash": "yO6XZA8FQkBLiTtClesWClL3Z1QEqT9vRoDDf/IOPkmsjzjedg2GzkNCauRGk/XnsZZ1qcz55TuJBO+1jNDIaA==",
        "dependencies": {
          "Microsoft.Data.Sqlite.Core": "6.0.4",
          "Microsoft.EntityFrameworkCore.Relational": "6.0.4",
          "Microsoft.Extensions.DependencyModel": "6.0.0"
        }
      },
      "Microsoft.Extensions.Caching.Abstractions": {
        "type": "Transitive",
        "resolved": "6.0.0",
        "contentHash": "bcz5sSFJbganH0+YrfvIjJDIcKNW7TL07C4d1eTmXy/wOt52iz4LVogJb6pazs7W0+74j0YpXFErvp++Aq5Bsw==",
        "dependencies": {
          "Microsoft.Extensions.Primitives": "6.0.0"
        }
      },
      "Microsoft.Extensions.Caching.Memory": {
        "type": "Transitive",
        "resolved": "6.0.1",
        "contentHash": "B4y+Cev05eMcjf1na0v9gza6GUtahXbtY1JCypIgx3B4Ea/KAgsWyXEmW4q6zMbmTMtKzmPVk09rvFJirvMwTg==",
        "dependencies": {
          "Microsoft.Extensions.Caching.Abstractions": "6.0.0",
          "Microsoft.Extensions.DependencyInjection.Abstractions": "6.0.0",
          "Microsoft.Extensions.Logging.Abstractions": "6.0.0",
          "Microsoft.Extensions.Options": "6.0.0",
          "Microsoft.Extensions.Primitives": "6.0.0"
        }
      },
      "Microsoft.Extensions.Configuration.Abstractions": {
        "type": "Transitive",
        "resolved": "6.0.0",
        "contentHash": "qWzV9o+ZRWq+pGm+1dF+R7qTgTYoXvbyowRoBxQJGfqTpqDun2eteerjRQhq5PQ/14S+lqto3Ft4gYaRyl4rdQ==",
        "dependencies": {
          "Microsoft.Extensions.Primitives": "6.0.0"
        }
      },
      "Microsoft.Extensions.DependencyInjection": {
        "type": "Transitive",
        "resolved": "6.0.0",
        "contentHash": "k6PWQMuoBDGGHOQTtyois2u4AwyVcIwL2LaSLlTZQm2CYcJ1pxbt6jfAnpWmzENA/wfrYRI/X9DTLoUkE4AsLw==",
        "dependencies": {
          "Microsoft.Extensions.DependencyInjection.Abstractions": "6.0.0",
          "System.Runtime.CompilerServices.Unsafe": "6.0.0"
        }
      },
      "Microsoft.Extensions.DependencyInjection.Abstractions": {
        "type": "Transitive",
        "resolved": "6.0.0",
        "contentHash": "xlzi2IYREJH3/m6+lUrQlujzX8wDitm4QGnUu6kUXTQAWPuZY8i+ticFJbzfqaetLA6KR/rO6Ew/HuYD+bxifg=="
      },
      "Microsoft.Extensions.DependencyModel": {
        "type": "Transitive",
        "resolved": "6.0.0",
        "contentHash": "TD5QHg98m3+QhgEV1YVoNMl5KtBw/4rjfxLHO0e/YV9bPUBDKntApP4xdrVtGgCeQZHVfC2EXIGsdpRNrr87Pg==",
        "dependencies": {
          "System.Buffers": "4.5.1",
          "System.Memory": "4.5.4",
          "System.Runtime.CompilerServices.Unsafe": "6.0.0",
          "System.Text.Encodings.Web": "6.0.0",
          "System.Text.Json": "6.0.0"
        }
      },
      "Microsoft.Extensions.Logging": {
        "type": "Transitive",
        "resolved": "6.0.0",
        "contentHash": "eIbyj40QDg1NDz0HBW0S5f3wrLVnKWnDJ/JtZ+yJDFnDj90VoPuoPmFkeaXrtu+0cKm5GRAwoDf+dBWXK0TUdg==",
        "dependencies": {
          "Microsoft.Extensions.DependencyInjection": "6.0.0",
          "Microsoft.Extensions.DependencyInjection.Abstractions": "6.0.0",
          "Microsoft.Extensions.Logging.Abstractions": "6.0.0",
          "Microsoft.Extensions.Options": "6.0.0",
          "System.Diagnostics.DiagnosticSource": "6.0.0"
        }
      },
      "Microsoft.Extensions.Logging.Abstractions": {
        "type": "Transitive",
        "resolved": "6.0.0",
        "contentHash": "/HggWBbTwy8TgebGSX5DBZ24ndhzi93sHUBDvP1IxbZD7FDokYzdAr6+vbWGjw2XAfR2EJ1sfKUotpjHnFWPxA=="
      },
      "Microsoft.Extensions.Options": {
        "type": "Transitive",
        "resolved": "6.0.0",
        "contentHash": "dzXN0+V1AyjOe2xcJ86Qbo233KHuLEY0njf/P2Kw8SfJU+d45HNS2ctJdnEnrWbM9Ye2eFgaC5Mj9otRMU6IsQ==",
        "dependencies": {
          "Microsoft.Extensions.DependencyInjection.Abstractions": "6.0.0",
          "Microsoft.Extensions.Primitives": "6.0.0"
        }
      },
      "Microsoft.Extensions.Primitives": {
        "type": "Transitive",
        "resolved": "6.0.0",
        "contentHash": "9+PnzmQFfEFNR9J2aDTfJGGupShHjOuGw4VUv+JB044biSHrnmCIMD+mJHmb2H7YryrfBEXDurxQ47gJZdCKNQ==",
        "dependencies": {
          "System.Runtime.CompilerServices.Unsafe": "6.0.0"
        }
      },
      "Microsoft.NETCore.Platforms": {
        "type": "Transitive",
        "resolved": "1.1.0",
        "contentHash": "kz0PEW2lhqygehI/d6XsPCQzD7ff7gUJaVGPVETX611eadGsA3A877GdSlU0LRVMCTH/+P3o2iDTak+S08V2+A=="
      },
      "Microsoft.TestPlatform.ObjectModel": {
        "type": "Transitive",
        "resolved": "17.4.0",
        "contentHash": "oWe7A0wrZhxagTOcaxJ9r0NXTbgkiBQQuCpCXxnP06NsGV/qOoaY2oaangAJbOUrwEx0eka1do400NwNCjfytw==",
        "dependencies": {
          "NuGet.Frameworks": "5.11.0",
          "System.Reflection.Metadata": "1.6.0"
        }
      },
      "Microsoft.TestPlatform.TestHost": {
        "type": "Transitive",
        "resolved": "17.4.0",
        "contentHash": "sUx48fu9wgQF1JxzXeSVtzb7KoKpJrdtIzsFamxET3ZYOKXj+Ej13HWZ0U2nuMVZtZVHBmE+KS3Vv5cIdTlycQ==",
        "dependencies": {
          "Microsoft.TestPlatform.ObjectModel": "17.4.0",
          "Newtonsoft.Json": "13.0.1"
        }
      },
      "NETStandard.Library": {
        "type": "Transitive",
        "resolved": "2.0.0",
        "contentHash": "7jnbRU+L08FXKMxqUflxEXtVymWvNOrS8yHgu9s6EM8Anr6T/wIX4nZ08j/u3Asz+tCufp3YVwFSEvFTPYmBPA==",
        "dependencies": {
          "Microsoft.NETCore.Platforms": "1.1.0"
        }
      },
      "Newtonsoft.Json": {
        "type": "Transitive",
        "resolved": "13.0.1",
        "contentHash": "ppPFpBcvxdsfUonNcvITKqLl3bqxWbDCZIzDWHzjpdAHRFfZe0Dw9HmA0+za13IdyrgJwpkDTDA9fHaxOrt20A=="
      },
      "NuGet.Frameworks": {
        "type": "Transitive",
        "resolved": "5.11.0",
        "contentHash": "eaiXkUjC4NPcquGWzAGMXjuxvLwc6XGKMptSyOGQeT0X70BUZObuybJFZLA0OfTdueLd3US23NBPTBb6iF3V1Q=="
      },
      "protobuf-net": {
        "type": "Transitive",
        "resolved": "3.0.101",
        "contentHash": "mLm8VGfGylp9q+rbJDp3uw0BOeNzfGENecVz/EYGlzq3ss7tfajGXHCMoZm/GxJ9vSn9pcK22UXWZnQ5GJQMjA==",
        "dependencies": {
          "protobuf-net.Core": "3.0.101"
        }
      },
      "protobuf-net.Core": {
        "type": "Transitive",
        "resolved": "3.0.101",
        "contentHash": "gf9QIF0RlctfjmOjbE6eOyMulkNEsH7tHncjKj/4BTu9tkuTyrH3fv5I+35GnolJqKJ6fh9kYaezvNRL3t75+Q=="
      },
      "SQLitePCLRaw.bundle_e_sqlite3": {
        "type": "Transitive",
        "resolved": "2.0.6",
        "contentHash": "zssYqiaucyGArZfg74rJuzK0ewgZiidsRVrZTmP7JLNvK806gXg6PGA46XzoJGpNPPA5uRcumwvVp6YTYxtQ5w==",
        "dependencies": {
          "SQLitePCLRaw.core": "2.0.6",
          "SQLitePCLRaw.lib.e_sqlite3": "2.0.6",
          "SQLitePCLRaw.provider.e_sqlite3": "2.0.6"
        }
      },
      "SQLitePCLRaw.core": {
        "type": "Transitive",
        "resolved": "2.0.6",
        "contentHash": "Vh8n0dTvwXkCGur2WqQTITvk4BUO8i8h9ucSx3wwuaej3s2S6ZC0R7vqCTf9TfS/I4QkXO6g3W2YQIRFkOcijA==",
        "dependencies": {
          "System.Memory": "4.5.3"
        }
      },
      "SQLitePCLRaw.lib.e_sqlite3": {
        "type": "Transitive",
        "resolved": "2.0.6",
        "contentHash": "xlstskMKalKQl0H2uLNe0viBM6fvAGLWqKZUQ3twX5y1tSOZKe0+EbXopQKYdbjJytNGI6y5WSKjpI+kVr2Ckg=="
      },
      "SQLitePCLRaw.provider.e_sqlite3": {
        "type": "Transitive",
        "resolved": "2.0.6",
        "contentHash": "peXLJbhU+0clVBIPirihM1NoTBqw8ouBpcUsVMlcZ4k6fcL2hwgkctVB2Nt5VsbnOJcPspQL5xQK7QvLpxkMgg==",
        "dependencies": {
          "SQLitePCLRaw.core": "2.0.6"
        }
      },
      "System.Buffers": {
        "type": "Transitive",
        "resolved": "4.5.1",
        "contentHash": "Rw7ijyl1qqRS0YQD/WycNst8hUUMgrMH4FCn1nNm27M4VxchZ1js3fVjQaANHO5f3sN4isvP4a+Met9Y4YomAg=="
      },
      "System.Collections.Immutable": {
        "type": "Transitive",
        "resolved": "6.0.0",
        "contentHash": "l4zZJ1WU2hqpQQHXz1rvC3etVZN+2DLmQMO79FhOTZHMn8tDRr+WU287sbomD0BETlmKDn0ygUgVy9k5xkkJdA==",
        "dependencies": {
          "System.Runtime.CompilerServices.Unsafe": "6.0.0"
        }
      },
      "System.Diagnostics.DiagnosticSource": {
        "type": "Transitive",
        "resolved": "6.0.0",
        "contentHash": "frQDfv0rl209cKm1lnwTgFPzNigy2EKk1BS3uAvHvlBVKe5cymGyHO+Sj+NLv5VF/AhHsqPIUUwya5oV4CHMUw==",
        "dependencies": {
          "System.Runtime.CompilerServices.Unsafe": "6.0.0"
        }
      },
      "System.Diagnostics.EventLog": {
        "type": "Transitive",
        "resolved": "6.0.0",
        "contentHash": "lcyUiXTsETK2ALsZrX+nWuHSIQeazhqPphLfaRxzdGaG93+0kELqpgEHtwWOlQe7+jSFnKwaCAgL4kjeZCQJnw=="
      },
      "System.Memory": {
        "type": "Transitive",
        "resolved": "4.5.4",
        "contentHash": "1MbJTHS1lZ4bS4FmsJjnuGJOu88ZzTT2rLvrhW7Ygic+pC0NWA+3hgAen0HRdsocuQXCkUTdFn9yHJJhsijDXw=="
      },
      "System.Net.Http.Json": {
        "type": "Transitive",
        "resolved": "6.0.0",
        "contentHash": "GbIV4y344kGOKjshAKCIDCMUTTW/hyUC42wV0Y5SXEdIbaKBIHBUxZ2MOe4/ZiV2svUAGfQ0c8LGtUExpOI8tg==",
        "dependencies": {
          "System.Text.Json": "6.0.0"
        }
      },
      "System.Reflection.Emit": {
        "type": "Transitive",
        "resolved": "4.7.0",
        "contentHash": "VR4kk8XLKebQ4MZuKuIni/7oh+QGFmZW3qORd1GvBq/8026OpW501SzT/oypwiQl4TvT8ErnReh/NzY9u+C6wQ=="
      },
      "System.Reflection.Metadata": {
        "type": "Transitive",
        "resolved": "1.6.0",
        "contentHash": "COC1aiAJjCoA5GBF+QKL2uLqEBew4JsCkQmoHKbN3TlOZKa2fKLz5CpiRQKDz0RsAOEGsVKqOD5bomsXq/4STQ=="
      },
      "System.Runtime.CompilerServices.Unsafe": {
        "type": "Transitive",
        "resolved": "6.0.0",
        "contentHash": "/iUeP3tq1S0XdNNoMz5C9twLSrM/TH+qElHkXWaPvuNOt+99G75NrV0OS2EqHx5wMN7popYjpc8oTjC1y16DLg=="
      },
      "System.Text.Encodings.Web": {
        "type": "Transitive",
        "resolved": "6.0.0",
        "contentHash": "Vg8eB5Tawm1IFqj4TVK1czJX89rhFxJo9ELqc/Eiq0eXy13RK00eubyU6TJE6y+GQXjyV5gSfiewDUZjQgSE0w==",
        "dependencies": {
          "System.Runtime.CompilerServices.Unsafe": "6.0.0"
        }
      },
      "System.Text.Json": {
        "type": "Transitive",
        "resolved": "6.0.0",
        "contentHash": "zaJsHfESQvJ11vbXnNlkrR46IaMULk/gHxYsJphzSF+07kTjPHv+Oc14w6QEOfo3Q4hqLJgStUaYB9DBl0TmWg==",
        "dependencies": {
          "System.Runtime.CompilerServices.Unsafe": "6.0.0",
          "System.Text.Encodings.Web": "6.0.0"
        }
      },
      "hfm.core": {
        "type": "Project",
        "dependencies": {
          "AutoMapper": "[10.1.1, )",
          "HFM.Client": "[0.6.0, )",
          "HFM.Log": "[0.4.0, )",
          "HFM.Preferences": "[1.0.0, )",
          "HFM.Proteins": "[0.3.0, )",
          "System.Net.Http.Json": "[6.0.0, )",
          "protobuf-net": "[3.0.101, )"
        }
      },
      "hfm.core.data.sqlite": {
        "type": "Project",
        "dependencies": {
          "HFM.Core": "[1.0.0, )",
          "Microsoft.EntityFrameworkCore.Sqlite": "[6.0.4, )"
        }
      },
      "hfm.preferences": {
        "type": "Project"
      }
    }
  }
}