
Microsoft Visual Studio Solution File, Format Version 10.00
# Visual Studio 2008
Project("{2150E333-8FDC-42A3-9474-1A3956D46DE8}") = "Solution Items", "Solution Items", "{6895CDB7-69DA-4663-B474-4AE91A10419D}"
	ProjectSection(SolutionItems) = preProject
		Deploy.bat = Deploy.bat
		HFM.msbuild = HFM.msbuild
	EndProjectSection
EndProject
Project("{FAE04EC0-301F-11D3-BF4B-00C04F79EFBC}") = "HFM", "HFM\HFM.csproj", "{A032015C-AA3F-4610-A107-46FB89E41485}"
EndProject
Project("{FAE04EC0-301F-11D3-BF4B-00C04F79EFBC}") = "HFM.Instances", "HFM.Instances\HFM.Instances.csproj", "{B8614309-B90A-4B86-97FF-3A9E64B9658F}"
EndProject
Project("{FAE04EC0-301F-11D3-BF4B-00C04F79EFBC}") = "HFM.Proteins", "HFM.Proteins\HFM.Proteins.csproj", "{7500A8CA-521D-4397-892B-27C6917847E1}"
EndProject
Project("{FAE04EC0-301F-11D3-BF4B-00C04F79EFBC}") = "HFM.Preferences", "HFM.Preferences\HFM.Preferences.csproj", "{0CAF91A3-D5F1-44C9-BAEB-FB81DFBF9C47}"
EndProject
Project("{FAE04EC0-301F-11D3-BF4B-00C04F79EFBC}") = "HFM.Queue", "HFM.Queue\HFM.Queue.csproj", "{44AC27F2-833D-4BF2-9E17-C35D38C7BD67}"
EndProject
Project("{FAE04EC0-301F-11D3-BF4B-00C04F79EFBC}") = "HFM.Framework", "HFM.Framework\HFM.Framework.csproj", "{FFFF3DE4-8620-4C13-A968-ADF58133146B}"
EndProject
Project("{FAE04EC0-301F-11D3-BF4B-00C04F79EFBC}") = "HFM.Log", "HFM.Log\HFM.Log.csproj", "{2C3EA8A1-D17F-419D-A76A-970550FB5A09}"
EndProject
Project("{FAE04EC0-301F-11D3-BF4B-00C04F79EFBC}") = "HFM.Plugins", "HFM.Plugins\HFM.Plugins.csproj", "{E1415297-BD33-4508-A491-F3C13E5A5F7F}"
EndProject
Global
	GlobalSection(SolutionConfigurationPlatforms) = preSolution
		Debug|Any CPU = Debug|Any CPU
		Release|Any CPU = Release|Any CPU
		ScriptedRelease|Any CPU = ScriptedRelease|Any CPU
	EndGlobalSection
	GlobalSection(ProjectConfigurationPlatforms) = postSolution
		{A032015C-AA3F-4610-A107-46FB89E41485}.Debug|Any CPU.ActiveCfg = Debug|Any CPU
		{A032015C-AA3F-4610-A107-46FB89E41485}.Debug|Any CPU.Build.0 = Debug|Any CPU
		{A032015C-AA3F-4610-A107-46FB89E41485}.Release|Any CPU.ActiveCfg = Release|Any CPU
		{A032015C-AA3F-4610-A107-46FB89E41485}.Release|Any CPU.Build.0 = Release|Any CPU
		{A032015C-AA3F-4610-A107-46FB89E41485}.ScriptedRelease|Any CPU.ActiveCfg = ScriptedRelease|Any CPU
		{A032015C-AA3F-4610-A107-46FB89E41485}.ScriptedRelease|Any CPU.Build.0 = ScriptedRelease|Any CPU
		{B8614309-B90A-4B86-97FF-3A9E64B9658F}.Debug|Any CPU.ActiveCfg = Debug|Any CPU
		{B8614309-B90A-4B86-97FF-3A9E64B9658F}.Debug|Any CPU.Build.0 = Debug|Any CPU
		{B8614309-B90A-4B86-97FF-3A9E64B9658F}.Release|Any CPU.ActiveCfg = Release|Any CPU
		{B8614309-B90A-4B86-97FF-3A9E64B9658F}.Release|Any CPU.Build.0 = Release|Any CPU
		{B8614309-B90A-4B86-97FF-3A9E64B9658F}.ScriptedRelease|Any CPU.ActiveCfg = Release|Any CPU
		{B8614309-B90A-4B86-97FF-3A9E64B9658F}.ScriptedRelease|Any CPU.Build.0 = Release|Any CPU
		{7500A8CA-521D-4397-892B-27C6917847E1}.Debug|Any CPU.ActiveCfg = Debug|Any CPU
		{7500A8CA-521D-4397-892B-27C6917847E1}.Debug|Any CPU.Build.0 = Debug|Any CPU
		{7500A8CA-521D-4397-892B-27C6917847E1}.Release|Any CPU.ActiveCfg = Release|Any CPU
		{7500A8CA-521D-4397-892B-27C6917847E1}.Release|Any CPU.Build.0 = Release|Any CPU
		{7500A8CA-521D-4397-892B-27C6917847E1}.ScriptedRelease|Any CPU.ActiveCfg = Release|Any CPU
		{7500A8CA-521D-4397-892B-27C6917847E1}.ScriptedRelease|Any CPU.Build.0 = Release|Any CPU
		{0CAF91A3-D5F1-44C9-BAEB-FB81DFBF9C47}.Debug|Any CPU.ActiveCfg = Debug|Any CPU
		{0CAF91A3-D5F1-44C9-BAEB-FB81DFBF9C47}.Debug|Any CPU.Build.0 = Debug|Any CPU
		{0CAF91A3-D5F1-44C9-BAEB-FB81DFBF9C47}.Release|Any CPU.ActiveCfg = Release|Any CPU
		{0CAF91A3-D5F1-44C9-BAEB-FB81DFBF9C47}.Release|Any CPU.Build.0 = Release|Any CPU
		{0CAF91A3-D5F1-44C9-BAEB-FB81DFBF9C47}.ScriptedRelease|Any CPU.ActiveCfg = Release|Any CPU
		{0CAF91A3-D5F1-44C9-BAEB-FB81DFBF9C47}.ScriptedRelease|Any CPU.Build.0 = Release|Any CPU
		{44AC27F2-833D-4BF2-9E17-C35D38C7BD67}.Debug|Any CPU.ActiveCfg = Debug|Any CPU
		{44AC27F2-833D-4BF2-9E17-C35D38C7BD67}.Debug|Any CPU.Build.0 = Debug|Any CPU
		{44AC27F2-833D-4BF2-9E17-C35D38C7BD67}.Release|Any CPU.ActiveCfg = Release|Any CPU
		{44AC27F2-833D-4BF2-9E17-C35D38C7BD67}.Release|Any CPU.Build.0 = Release|Any CPU
		{44AC27F2-833D-4BF2-9E17-C35D38C7BD67}.ScriptedRelease|Any CPU.ActiveCfg = Release|Any CPU
		{44AC27F2-833D-4BF2-9E17-C35D38C7BD67}.ScriptedRelease|Any CPU.Build.0 = Release|Any CPU
		{FFFF3DE4-8620-4C13-A968-ADF58133146B}.Debug|Any CPU.ActiveCfg = Debug|Any CPU
		{FFFF3DE4-8620-4C13-A968-ADF58133146B}.Debug|Any CPU.Build.0 = Debug|Any CPU
		{FFFF3DE4-8620-4C13-A968-ADF58133146B}.Release|Any CPU.ActiveCfg = Release|Any CPU
		{FFFF3DE4-8620-4C13-A968-ADF58133146B}.Release|Any CPU.Build.0 = Release|Any CPU
		{FFFF3DE4-8620-4C13-A968-ADF58133146B}.ScriptedRelease|Any CPU.ActiveCfg = Release|Any CPU
		{FFFF3DE4-8620-4C13-A968-ADF58133146B}.ScriptedRelease|Any CPU.Build.0 = Release|Any CPU
		{2C3EA8A1-D17F-419D-A76A-970550FB5A09}.Debug|Any CPU.ActiveCfg = Debug|Any CPU
		{2C3EA8A1-D17F-419D-A76A-970550FB5A09}.Debug|Any CPU.Build.0 = Debug|Any CPU
		{2C3EA8A1-D17F-419D-A76A-970550FB5A09}.Release|Any CPU.ActiveCfg = Release|Any CPU
		{2C3EA8A1-D17F-419D-A76A-970550FB5A09}.Release|Any CPU.Build.0 = Release|Any CPU
		{2C3EA8A1-D17F-419D-A76A-970550FB5A09}.ScriptedRelease|Any CPU.ActiveCfg = Release|Any CPU
		{2C3EA8A1-D17F-419D-A76A-970550FB5A09}.ScriptedRelease|Any CPU.Build.0 = Release|Any CPU
		{E1415297-BD33-4508-A491-F3C13E5A5F7F}.Debug|Any CPU.ActiveCfg = Debug|Any CPU
		{E1415297-BD33-4508-A491-F3C13E5A5F7F}.Debug|Any CPU.Build.0 = Debug|Any CPU
		{E1415297-BD33-4508-A491-F3C13E5A5F7F}.Release|Any CPU.ActiveCfg = Release|Any CPU
		{E1415297-BD33-4508-A491-F3C13E5A5F7F}.Release|Any CPU.Build.0 = Release|Any CPU
		{E1415297-BD33-4508-A491-F3C13E5A5F7F}.ScriptedRelease|Any CPU.ActiveCfg = Release|Any CPU
		{E1415297-BD33-4508-A491-F3C13E5A5F7F}.ScriptedRelease|Any CPU.Build.0 = Release|Any CPU
	EndGlobalSection
	GlobalSection(SolutionProperties) = preSolution
		HideSolutionNode = FALSE
	EndGlobalSection
EndGlobal
