
Microsoft Visual Studio Solution File, Format Version 9.00
# Visual Studio 2005
Project("{FAE04EC0-301F-11D3-BF4B-00C04F79EFBC}") = "HFM", "HFM\HFM.csproj", "{A032015C-AA3F-4610-A107-46FB89E41485}"
EndProject
Project("{FAE04EC0-301F-11D3-BF4B-00C04F79EFBC}") = "HFM.Instances", "HFM.Instances\HFM.Instances.csproj", "{B8614309-B90A-4B86-97FF-3A9E64B9658F}"
EndProject
Project("{FAE04EC0-301F-11D3-BF4B-00C04F79EFBC}") = "HFM.Proteins", "HFM.Proteins\HFM.Proteins.csproj", "{7500A8CA-521D-4397-892B-27C6917847E1}"
EndProject
Project("{FAE04EC0-301F-11D3-BF4B-00C04F79EFBC}") = "HFM.Preferences", "HFM.Preferences\HFM.Preferences.csproj", "{0CAF91A3-D5F1-44C9-BAEB-FB81DFBF9C47}"
EndProject
Project("{FAE04EC0-301F-11D3-BF4B-00C04F79EFBC}") = "HFM.Instrumentation", "HFM.Instrumentation\HFM.Instrumentation.csproj", "{7D6B604A-5C4A-4E97-A6D4-9C927ABBD74A}"
EndProject
Project("{FAE04EC0-301F-11D3-BF4B-00C04F79EFBC}") = "HFM.Helpers", "HFM.Helpers\HFM.Helpers.csproj", "{4A9D010E-BAEA-4818-9216-8E0DBD7D5570}"
EndProject
Project("{2150E333-8FDC-42A3-9474-1A3956D46DE8}") = "Solution Items", "Solution Items", "{6895CDB7-69DA-4663-B474-4AE91A10419D}"
	ProjectSection(SolutionItems) = preProject
		HFM.msbuild = HFM.msbuild
	EndProjectSection
EndProject
Global
	GlobalSection(SolutionConfigurationPlatforms) = preSolution
		Debug|Any CPU = Debug|Any CPU
		Release|Any CPU = Release|Any CPU
	EndGlobalSection
	GlobalSection(ProjectConfigurationPlatforms) = postSolution
		{A032015C-AA3F-4610-A107-46FB89E41485}.Debug|Any CPU.ActiveCfg = Debug|Any CPU
		{A032015C-AA3F-4610-A107-46FB89E41485}.Debug|Any CPU.Build.0 = Debug|Any CPU
		{A032015C-AA3F-4610-A107-46FB89E41485}.Release|Any CPU.ActiveCfg = Release|Any CPU
		{A032015C-AA3F-4610-A107-46FB89E41485}.Release|Any CPU.Build.0 = Release|Any CPU
		{B8614309-B90A-4B86-97FF-3A9E64B9658F}.Debug|Any CPU.ActiveCfg = Debug|Any CPU
		{B8614309-B90A-4B86-97FF-3A9E64B9658F}.Debug|Any CPU.Build.0 = Debug|Any CPU
		{B8614309-B90A-4B86-97FF-3A9E64B9658F}.Release|Any CPU.ActiveCfg = Release|Any CPU
		{B8614309-B90A-4B86-97FF-3A9E64B9658F}.Release|Any CPU.Build.0 = Release|Any CPU
		{7500A8CA-521D-4397-892B-27C6917847E1}.Debug|Any CPU.ActiveCfg = Debug|Any CPU
		{7500A8CA-521D-4397-892B-27C6917847E1}.Debug|Any CPU.Build.0 = Debug|Any CPU
		{7500A8CA-521D-4397-892B-27C6917847E1}.Release|Any CPU.ActiveCfg = Release|Any CPU
		{7500A8CA-521D-4397-892B-27C6917847E1}.Release|Any CPU.Build.0 = Release|Any CPU
		{0CAF91A3-D5F1-44C9-BAEB-FB81DFBF9C47}.Debug|Any CPU.ActiveCfg = Debug|Any CPU
		{0CAF91A3-D5F1-44C9-BAEB-FB81DFBF9C47}.Debug|Any CPU.Build.0 = Debug|Any CPU
		{0CAF91A3-D5F1-44C9-BAEB-FB81DFBF9C47}.Release|Any CPU.ActiveCfg = Release|Any CPU
		{0CAF91A3-D5F1-44C9-BAEB-FB81DFBF9C47}.Release|Any CPU.Build.0 = Release|Any CPU
		{7D6B604A-5C4A-4E97-A6D4-9C927ABBD74A}.Debug|Any CPU.ActiveCfg = Debug|Any CPU
		{7D6B604A-5C4A-4E97-A6D4-9C927ABBD74A}.Debug|Any CPU.Build.0 = Debug|Any CPU
		{7D6B604A-5C4A-4E97-A6D4-9C927ABBD74A}.Release|Any CPU.ActiveCfg = Release|Any CPU
		{7D6B604A-5C4A-4E97-A6D4-9C927ABBD74A}.Release|Any CPU.Build.0 = Release|Any CPU
		{4A9D010E-BAEA-4818-9216-8E0DBD7D5570}.Debug|Any CPU.ActiveCfg = Debug|Any CPU
		{4A9D010E-BAEA-4818-9216-8E0DBD7D5570}.Debug|Any CPU.Build.0 = Debug|Any CPU
		{4A9D010E-BAEA-4818-9216-8E0DBD7D5570}.Release|Any CPU.ActiveCfg = Release|Any CPU
		{4A9D010E-BAEA-4818-9216-8E0DBD7D5570}.Release|Any CPU.Build.0 = Release|Any CPU
	EndGlobalSection
	GlobalSection(SolutionProperties) = preSolution
		HideSolutionNode = FALSE
	EndGlobalSection
EndGlobal
