
Microsoft Visual Studio Solution File, Format Version 10.00
# Visual Studio 2008
Project("{FAE04EC0-301F-11D3-BF4B-00C04F79EFBC}") = "HFM.Helpers.Tests", "HFM.Helpers.Tests\HFM.Helpers.Tests.csproj", "{02F017B7-ADDA-4EC0-8E71-59CC8AE8EA46}"
EndProject
Project("{FAE04EC0-301F-11D3-BF4B-00C04F79EFBC}") = "HFM.Instances.Tests", "HFM.Instances.Tests\HFM.Instances.Tests.csproj", "{C3D60E2F-E00D-485B-8B78-F285132AA229}"
EndProject
Project("{FAE04EC0-301F-11D3-BF4B-00C04F79EFBC}") = "HFM.Proteins.Tests", "HFM.Proteins.Tests\HFM.Proteins.Tests.csproj", "{04744056-F956-4E20-B229-28E2FC154509}"
EndProject
Project("{FAE04EC0-301F-11D3-BF4B-00C04F79EFBC}") = "HFM.Log.Tests", "HFM.Log.Tests\HFM.Log.Tests.csproj", "{9EA57D40-ECE3-4F75-AD89-72960B847F1F}"
EndProject
Project("{FAE04EC0-301F-11D3-BF4B-00C04F79EFBC}") = "HFM.Queue.Tests", "HFM.Queue.Tests\HFM.Queue.Tests.csproj", "{E46CE8E6-13F3-4B74-A95E-2C29A5CDBE95}"
EndProject
Project("{FAE04EC0-301F-11D3-BF4B-00C04F79EFBC}") = "HFM", "HFM\HFM.csproj", "{A032015C-AA3F-4610-A107-46FB89E41485}"
EndProject
Project("{FAE04EC0-301F-11D3-BF4B-00C04F79EFBC}") = "HFM.Framework", "HFM.Framework\HFM.Framework.csproj", "{FFFF3DE4-8620-4C13-A968-ADF58133146B}"
EndProject
Project("{FAE04EC0-301F-11D3-BF4B-00C04F79EFBC}") = "HFM.Helpers", "HFM.Helpers\HFM.Helpers.csproj", "{4A9D010E-BAEA-4818-9216-8E0DBD7D5570}"
EndProject
Project("{FAE04EC0-301F-11D3-BF4B-00C04F79EFBC}") = "HFM.Instances", "HFM.Instances\HFM.Instances.csproj", "{B8614309-B90A-4B86-97FF-3A9E64B9658F}"
EndProject
Project("{FAE04EC0-301F-11D3-BF4B-00C04F79EFBC}") = "HFM.Instrumentation", "HFM.Instrumentation\HFM.Instrumentation.csproj", "{7D6B604A-5C4A-4E97-A6D4-9C927ABBD74A}"
EndProject
Project("{FAE04EC0-301F-11D3-BF4B-00C04F79EFBC}") = "HFM.Log", "HFM.Log\HFM.Log.csproj", "{2C3EA8A1-D17F-419D-A76A-970550FB5A09}"
EndProject
Project("{FAE04EC0-301F-11D3-BF4B-00C04F79EFBC}") = "HFM.Preferences", "HFM.Preferences\HFM.Preferences.csproj", "{0CAF91A3-D5F1-44C9-BAEB-FB81DFBF9C47}"
EndProject
Project("{FAE04EC0-301F-11D3-BF4B-00C04F79EFBC}") = "HFM.Proteins", "HFM.Proteins\HFM.Proteins.csproj", "{7500A8CA-521D-4397-892B-27C6917847E1}"
EndProject
Project("{FAE04EC0-301F-11D3-BF4B-00C04F79EFBC}") = "HFM.Queue", "HFM.Queue\HFM.Queue.csproj", "{44AC27F2-833D-4BF2-9E17-C35D38C7BD67}"
EndProject
Project("{2150E333-8FDC-42A3-9474-1A3956D46DE8}") = "Solution Items", "Solution Items", "{DB3D747A-2751-4F7B-BE26-C6AD3FD5E030}"
	ProjectSection(SolutionItems) = preProject
		Deploy.bat = Deploy.bat
		HFM.msbuild = HFM.msbuild
	EndProjectSection
EndProject
Global
	GlobalSection(SolutionConfigurationPlatforms) = preSolution
		Debug|Any CPU = Debug|Any CPU
		Release|Any CPU = Release|Any CPU
		ScriptedRelease|Any CPU = ScriptedRelease|Any CPU
	EndGlobalSection
	GlobalSection(ProjectConfigurationPlatforms) = postSolution
		{02F017B7-ADDA-4EC0-8E71-59CC8AE8EA46}.Debug|Any CPU.ActiveCfg = Debug|Any CPU
		{02F017B7-ADDA-4EC0-8E71-59CC8AE8EA46}.Debug|Any CPU.Build.0 = Debug|Any CPU
		{02F017B7-ADDA-4EC0-8E71-59CC8AE8EA46}.Release|Any CPU.ActiveCfg = Release|Any CPU
		{02F017B7-ADDA-4EC0-8E71-59CC8AE8EA46}.Release|Any CPU.Build.0 = Release|Any CPU
		{02F017B7-ADDA-4EC0-8E71-59CC8AE8EA46}.ScriptedRelease|Any CPU.ActiveCfg = Release|Any CPU
		{02F017B7-ADDA-4EC0-8E71-59CC8AE8EA46}.ScriptedRelease|Any CPU.Build.0 = Release|Any CPU
		{C3D60E2F-E00D-485B-8B78-F285132AA229}.Debug|Any CPU.ActiveCfg = Debug|Any CPU
		{C3D60E2F-E00D-485B-8B78-F285132AA229}.Debug|Any CPU.Build.0 = Debug|Any CPU
		{C3D60E2F-E00D-485B-8B78-F285132AA229}.Release|Any CPU.ActiveCfg = Release|Any CPU
		{C3D60E2F-E00D-485B-8B78-F285132AA229}.Release|Any CPU.Build.0 = Release|Any CPU
		{C3D60E2F-E00D-485B-8B78-F285132AA229}.ScriptedRelease|Any CPU.ActiveCfg = Release|Any CPU
		{C3D60E2F-E00D-485B-8B78-F285132AA229}.ScriptedRelease|Any CPU.Build.0 = Release|Any CPU
		{04744056-F956-4E20-B229-28E2FC154509}.Debug|Any CPU.ActiveCfg = Debug|Any CPU
		{04744056-F956-4E20-B229-28E2FC154509}.Debug|Any CPU.Build.0 = Debug|Any CPU
		{04744056-F956-4E20-B229-28E2FC154509}.Release|Any CPU.ActiveCfg = Release|Any CPU
		{04744056-F956-4E20-B229-28E2FC154509}.Release|Any CPU.Build.0 = Release|Any CPU
		{04744056-F956-4E20-B229-28E2FC154509}.ScriptedRelease|Any CPU.ActiveCfg = Release|Any CPU
		{04744056-F956-4E20-B229-28E2FC154509}.ScriptedRelease|Any CPU.Build.0 = Release|Any CPU
		{9EA57D40-ECE3-4F75-AD89-72960B847F1F}.Debug|Any CPU.ActiveCfg = Debug|Any CPU
		{9EA57D40-ECE3-4F75-AD89-72960B847F1F}.Debug|Any CPU.Build.0 = Debug|Any CPU
		{9EA57D40-ECE3-4F75-AD89-72960B847F1F}.Release|Any CPU.ActiveCfg = Release|Any CPU
		{9EA57D40-ECE3-4F75-AD89-72960B847F1F}.Release|Any CPU.Build.0 = Release|Any CPU
		{9EA57D40-ECE3-4F75-AD89-72960B847F1F}.ScriptedRelease|Any CPU.ActiveCfg = Release|Any CPU
		{9EA57D40-ECE3-4F75-AD89-72960B847F1F}.ScriptedRelease|Any CPU.Build.0 = Release|Any CPU
		{E46CE8E6-13F3-4B74-A95E-2C29A5CDBE95}.Debug|Any CPU.ActiveCfg = Debug|Any CPU
		{E46CE8E6-13F3-4B74-A95E-2C29A5CDBE95}.Debug|Any CPU.Build.0 = Debug|Any CPU
		{E46CE8E6-13F3-4B74-A95E-2C29A5CDBE95}.Release|Any CPU.ActiveCfg = Release|Any CPU
		{E46CE8E6-13F3-4B74-A95E-2C29A5CDBE95}.Release|Any CPU.Build.0 = Release|Any CPU
		{E46CE8E6-13F3-4B74-A95E-2C29A5CDBE95}.ScriptedRelease|Any CPU.ActiveCfg = Release|Any CPU
		{E46CE8E6-13F3-4B74-A95E-2C29A5CDBE95}.ScriptedRelease|Any CPU.Build.0 = Release|Any CPU
		{A032015C-AA3F-4610-A107-46FB89E41485}.Debug|Any CPU.ActiveCfg = Debug|Any CPU
		{A032015C-AA3F-4610-A107-46FB89E41485}.Debug|Any CPU.Build.0 = Debug|Any CPU
		{A032015C-AA3F-4610-A107-46FB89E41485}.Release|Any CPU.ActiveCfg = Release|Any CPU
		{A032015C-AA3F-4610-A107-46FB89E41485}.Release|Any CPU.Build.0 = Release|Any CPU
		{A032015C-AA3F-4610-A107-46FB89E41485}.ScriptedRelease|Any CPU.ActiveCfg = ScriptedRelease|Any CPU
		{A032015C-AA3F-4610-A107-46FB89E41485}.ScriptedRelease|Any CPU.Build.0 = ScriptedRelease|Any CPU
		{FFFF3DE4-8620-4C13-A968-ADF58133146B}.Debug|Any CPU.ActiveCfg = Debug|Any CPU
		{FFFF3DE4-8620-4C13-A968-ADF58133146B}.Debug|Any CPU.Build.0 = Debug|Any CPU
		{FFFF3DE4-8620-4C13-A968-ADF58133146B}.Release|Any CPU.ActiveCfg = Release|Any CPU
		{FFFF3DE4-8620-4C13-A968-ADF58133146B}.Release|Any CPU.Build.0 = Release|Any CPU
		{FFFF3DE4-8620-4C13-A968-ADF58133146B}.ScriptedRelease|Any CPU.ActiveCfg = Release|Any CPU
		{FFFF3DE4-8620-4C13-A968-ADF58133146B}.ScriptedRelease|Any CPU.Build.0 = Release|Any CPU
		{4A9D010E-BAEA-4818-9216-8E0DBD7D5570}.Debug|Any CPU.ActiveCfg = Debug|Any CPU
		{4A9D010E-BAEA-4818-9216-8E0DBD7D5570}.Debug|Any CPU.Build.0 = Debug|Any CPU
		{4A9D010E-BAEA-4818-9216-8E0DBD7D5570}.Release|Any CPU.ActiveCfg = Release|Any CPU
		{4A9D010E-BAEA-4818-9216-8E0DBD7D5570}.Release|Any CPU.Build.0 = Release|Any CPU
		{4A9D010E-BAEA-4818-9216-8E0DBD7D5570}.ScriptedRelease|Any CPU.ActiveCfg = Release|Any CPU
		{4A9D010E-BAEA-4818-9216-8E0DBD7D5570}.ScriptedRelease|Any CPU.Build.0 = Release|Any CPU
		{B8614309-B90A-4B86-97FF-3A9E64B9658F}.Debug|Any CPU.ActiveCfg = Debug|Any CPU
		{B8614309-B90A-4B86-97FF-3A9E64B9658F}.Debug|Any CPU.Build.0 = Debug|Any CPU
		{B8614309-B90A-4B86-97FF-3A9E64B9658F}.Release|Any CPU.ActiveCfg = Release|Any CPU
		{B8614309-B90A-4B86-97FF-3A9E64B9658F}.Release|Any CPU.Build.0 = Release|Any CPU
		{B8614309-B90A-4B86-97FF-3A9E64B9658F}.ScriptedRelease|Any CPU.ActiveCfg = Release|Any CPU
		{B8614309-B90A-4B86-97FF-3A9E64B9658F}.ScriptedRelease|Any CPU.Build.0 = Release|Any CPU
		{7D6B604A-5C4A-4E97-A6D4-9C927ABBD74A}.Debug|Any CPU.ActiveCfg = Debug|Any CPU
		{7D6B604A-5C4A-4E97-A6D4-9C927ABBD74A}.Debug|Any CPU.Build.0 = Debug|Any CPU
		{7D6B604A-5C4A-4E97-A6D4-9C927ABBD74A}.Release|Any CPU.ActiveCfg = Release|Any CPU
		{7D6B604A-5C4A-4E97-A6D4-9C927ABBD74A}.Release|Any CPU.Build.0 = Release|Any CPU
		{7D6B604A-5C4A-4E97-A6D4-9C927ABBD74A}.ScriptedRelease|Any CPU.ActiveCfg = Release|Any CPU
		{7D6B604A-5C4A-4E97-A6D4-9C927ABBD74A}.ScriptedRelease|Any CPU.Build.0 = Release|Any CPU
		{2C3EA8A1-D17F-419D-A76A-970550FB5A09}.Debug|Any CPU.ActiveCfg = Debug|Any CPU
		{2C3EA8A1-D17F-419D-A76A-970550FB5A09}.Debug|Any CPU.Build.0 = Debug|Any CPU
		{2C3EA8A1-D17F-419D-A76A-970550FB5A09}.Release|Any CPU.ActiveCfg = Release|Any CPU
		{2C3EA8A1-D17F-419D-A76A-970550FB5A09}.Release|Any CPU.Build.0 = Release|Any CPU
		{2C3EA8A1-D17F-419D-A76A-970550FB5A09}.ScriptedRelease|Any CPU.ActiveCfg = Release|Any CPU
		{2C3EA8A1-D17F-419D-A76A-970550FB5A09}.ScriptedRelease|Any CPU.Build.0 = Release|Any CPU
		{0CAF91A3-D5F1-44C9-BAEB-FB81DFBF9C47}.Debug|Any CPU.ActiveCfg = Debug|Any CPU
		{0CAF91A3-D5F1-44C9-BAEB-FB81DFBF9C47}.Debug|Any CPU.Build.0 = Debug|Any CPU
		{0CAF91A3-D5F1-44C9-BAEB-FB81DFBF9C47}.Release|Any CPU.ActiveCfg = Release|Any CPU
		{0CAF91A3-D5F1-44C9-BAEB-FB81DFBF9C47}.Release|Any CPU.Build.0 = Release|Any CPU
		{0CAF91A3-D5F1-44C9-BAEB-FB81DFBF9C47}.ScriptedRelease|Any CPU.ActiveCfg = Release|Any CPU
		{0CAF91A3-D5F1-44C9-BAEB-FB81DFBF9C47}.ScriptedRelease|Any CPU.Build.0 = Release|Any CPU
		{7500A8CA-521D-4397-892B-27C6917847E1}.Debug|Any CPU.ActiveCfg = Debug|Any CPU
		{7500A8CA-521D-4397-892B-27C6917847E1}.Debug|Any CPU.Build.0 = Debug|Any CPU
		{7500A8CA-521D-4397-892B-27C6917847E1}.Release|Any CPU.ActiveCfg = Release|Any CPU
		{7500A8CA-521D-4397-892B-27C6917847E1}.Release|Any CPU.Build.0 = Release|Any CPU
		{7500A8CA-521D-4397-892B-27C6917847E1}.ScriptedRelease|Any CPU.ActiveCfg = Release|Any CPU
		{7500A8CA-521D-4397-892B-27C6917847E1}.ScriptedRelease|Any CPU.Build.0 = Release|Any CPU
		{44AC27F2-833D-4BF2-9E17-C35D38C7BD67}.Debug|Any CPU.ActiveCfg = Debug|Any CPU
		{44AC27F2-833D-4BF2-9E17-C35D38C7BD67}.Debug|Any CPU.Build.0 = Debug|Any CPU
		{44AC27F2-833D-4BF2-9E17-C35D38C7BD67}.Release|Any CPU.ActiveCfg = Release|Any CPU
		{44AC27F2-833D-4BF2-9E17-C35D38C7BD67}.Release|Any CPU.Build.0 = Release|Any CPU
		{44AC27F2-833D-4BF2-9E17-C35D38C7BD67}.ScriptedRelease|Any CPU.ActiveCfg = Release|Any CPU
		{44AC27F2-833D-4BF2-9E17-C35D38C7BD67}.ScriptedRelease|Any CPU.Build.0 = Release|Any CPU
	EndGlobalSection
	GlobalSection(SolutionProperties) = preSolution
		HideSolutionNode = FALSE
	EndGlobalSection
EndGlobal
