
Microsoft Visual Studio Solution File, Format Version 10.00
# Visual Studio 2008
Project("{FAE04EC0-301F-11D3-BF4B-00C04F79EFBC}") = "HFM.Plugins.ClientSettings.FahMon", "HFM.Plugins.ClientSettings.FahMon.csproj", "{9417D945-D928-42E3-88ED-7694591AB82C}"
EndProject
Global
	GlobalSection(SolutionConfigurationPlatforms) = preSolution
		Debug|Any CPU = Debug|Any CPU
		Release|Any CPU = Release|Any CPU
	EndGlobalSection
	GlobalSection(ProjectConfigurationPlatforms) = postSolution
		{9417D945-D928-42E3-88ED-7694591AB82C}.Debug|Any CPU.ActiveCfg = Debug|Any CPU
		{9417D945-D928-42E3-88ED-7694591AB82C}.Debug|Any CPU.Build.0 = Debug|Any CPU
		{9417D945-D928-42E3-88ED-7694591AB82C}.Release|Any CPU.ActiveCfg = Release|Any CPU
		{9417D945-D928-42E3-88ED-7694591AB82C}.Release|Any CPU.Build.0 = Release|Any CPU
	EndGlobalSection
	GlobalSection(SolutionProperties) = preSolution
		HideSolutionNode = FALSE
	EndGlobalSection
EndGlobal
