
Microsoft Visual Studio Solution File, Format Version 12.00
# Visual Studio Version 16
VisualStudioVersion = 16.0.29613.14
MinimumVisualStudioVersion = 10.0.40219.1
Project("{2150E333-8FDC-42A3-9474-1A3956D46DE8}") = "Solution Items", "Solution Items", "{DB3D747A-2751-4F7B-BE26-C6AD3FD5E030}"
	ProjectSection(SolutionItems) = preProject
		.editorconfig = .editorconfig
		azure-pipelines.yml = azure-pipelines.yml
		HFM.All.sln.DotSettings = HFM.All.sln.DotSettings
		HFM.Build.ps1 = HFM.Build.ps1
	EndProjectSection
EndProject
Project("{9A19103F-16F7-4668-BE54-9A1E7A4F7556}") = "HFM", "HFM\HFM.csproj", "{A032015C-AA3F-4610-A107-46FB89E41485}"
EndProject
Project("{9A19103F-16F7-4668-BE54-9A1E7A4F7556}") = "HFM.Preferences", "HFM.Preferences\HFM.Preferences.csproj", "{0CAF91A3-D5F1-44C9-BAEB-FB81DFBF9C47}"
EndProject
Project("{9A19103F-16F7-4668-BE54-9A1E7A4F7556}") = "HFM.Forms.Tests", "HFM.Forms.Tests\HFM.Forms.Tests.csproj", "{F4A40781-C6FD-46F9-B594-5EB4F9867BA2}"
EndProject
Project("{9A19103F-16F7-4668-BE54-9A1E7A4F7556}") = "HFM.Forms", "HFM.Forms\HFM.Forms.csproj", "{C0B126D1-C495-4062-A8C8-4AAA69F35C9D}"
EndProject
Project("{9A19103F-16F7-4668-BE54-9A1E7A4F7556}") = "HFM.Core", "HFM.Core\HFM.Core.csproj", "{360034D2-9F6A-4377-B5B9-D82712171223}"
EndProject
Project("{9A19103F-16F7-4668-BE54-9A1E7A4F7556}") = "HFM.Core.Tests", "HFM.Core.Tests\HFM.Core.Tests.csproj", "{D55EB454-0637-4E3A-A80B-76ACF739BE6D}"
EndProject
Project("{2150E333-8FDC-42A3-9474-1A3956D46DE8}") = ".nuget", ".nuget", "{B2F0D880-2FCA-43BF-9907-6194D90A609B}"
	ProjectSection(SolutionItems) = preProject
		.nuget\packages.config = .nuget\packages.config
	EndProjectSection
EndProject
Project("{9A19103F-16F7-4668-BE54-9A1E7A4F7556}") = "HFM.Preferences.Tests", "HFM.Preferences.Tests\HFM.Preferences.Tests.csproj", "{C4F6A423-FEBA-4D24-B726-ECDA91223C93}"
EndProject
Global
	GlobalSection(SolutionConfigurationPlatforms) = preSolution
		Debug|Any CPU = Debug|Any CPU
		Release|Any CPU = Release|Any CPU
	EndGlobalSection
	GlobalSection(ProjectConfigurationPlatforms) = postSolution
		{A032015C-AA3F-4610-A107-46FB89E41485}.Debug|Any CPU.ActiveCfg = Debug|Any CPU
		{A032015C-AA3F-4610-A107-46FB89E41485}.Debug|Any CPU.Build.0 = Debug|Any CPU
		{A032015C-AA3F-4610-A107-46FB89E41485}.Release|Any CPU.ActiveCfg = Release|Any CPU
		{A032015C-AA3F-4610-A107-46FB89E41485}.Release|Any CPU.Build.0 = Release|Any CPU
		{0CAF91A3-D5F1-44C9-BAEB-FB81DFBF9C47}.Debug|Any CPU.ActiveCfg = Debug|Any CPU
		{0CAF91A3-D5F1-44C9-BAEB-FB81DFBF9C47}.Debug|Any CPU.Build.0 = Debug|Any CPU
		{0CAF91A3-D5F1-44C9-BAEB-FB81DFBF9C47}.Release|Any CPU.ActiveCfg = Release|Any CPU
		{0CAF91A3-D5F1-44C9-BAEB-FB81DFBF9C47}.Release|Any CPU.Build.0 = Release|Any CPU
		{F4A40781-C6FD-46F9-B594-5EB4F9867BA2}.Debug|Any CPU.ActiveCfg = Debug|Any CPU
		{F4A40781-C6FD-46F9-B594-5EB4F9867BA2}.Debug|Any CPU.Build.0 = Debug|Any CPU
		{F4A40781-C6FD-46F9-B594-5EB4F9867BA2}.Release|Any CPU.ActiveCfg = Release|Any CPU
		{F4A40781-C6FD-46F9-B594-5EB4F9867BA2}.Release|Any CPU.Build.0 = Release|Any CPU
		{C0B126D1-C495-4062-A8C8-4AAA69F35C9D}.Debug|Any CPU.ActiveCfg = Debug|Any CPU
		{C0B126D1-C495-4062-A8C8-4AAA69F35C9D}.Debug|Any CPU.Build.0 = Debug|Any CPU
		{C0B126D1-C495-4062-A8C8-4AAA69F35C9D}.Release|Any CPU.ActiveCfg = Release|Any CPU
		{C0B126D1-C495-4062-A8C8-4AAA69F35C9D}.Release|Any CPU.Build.0 = Release|Any CPU
		{360034D2-9F6A-4377-B5B9-D82712171223}.Debug|Any CPU.ActiveCfg = Debug|Any CPU
		{360034D2-9F6A-4377-B5B9-D82712171223}.Debug|Any CPU.Build.0 = Debug|Any CPU
		{360034D2-9F6A-4377-B5B9-D82712171223}.Release|Any CPU.ActiveCfg = Release|Any CPU
		{360034D2-9F6A-4377-B5B9-D82712171223}.Release|Any CPU.Build.0 = Release|Any CPU
		{D55EB454-0637-4E3A-A80B-76ACF739BE6D}.Debug|Any CPU.ActiveCfg = Debug|Any CPU
		{D55EB454-0637-4E3A-A80B-76ACF739BE6D}.Debug|Any CPU.Build.0 = Debug|Any CPU
		{D55EB454-0637-4E3A-A80B-76ACF739BE6D}.Release|Any CPU.ActiveCfg = Release|Any CPU
		{D55EB454-0637-4E3A-A80B-76ACF739BE6D}.Release|Any CPU.Build.0 = Release|Any CPU
		{C4F6A423-FEBA-4D24-B726-ECDA91223C93}.Debug|Any CPU.ActiveCfg = Debug|Any CPU
		{C4F6A423-FEBA-4D24-B726-ECDA91223C93}.Debug|Any CPU.Build.0 = Debug|Any CPU
		{C4F6A423-FEBA-4D24-B726-ECDA91223C93}.Release|Any CPU.ActiveCfg = Release|Any CPU
		{C4F6A423-FEBA-4D24-B726-ECDA91223C93}.Release|Any CPU.Build.0 = Release|Any CPU
	EndGlobalSection
	GlobalSection(SolutionProperties) = preSolution
		HideSolutionNode = FALSE
	EndGlobalSection
	GlobalSection(ExtensibilityGlobals) = postSolution
		SolutionGuid = {02D3ABB2-DF0D-459E-9304-CD8158EBFAA8}
	EndGlobalSection
EndGlobal
