
Microsoft Visual Studio Solution File, Format Version 11.00
# Visual Studio 2010
Project("{FAE04EC0-301F-11D3-BF4B-00C04F79EFBC}") = "HFM.Client", "HFM.Client\HFM.Client.csproj", "{B1BB2AF4-5C2F-42A7-80B4-7291D3E4BC39}"
EndProject
Project("{FAE04EC0-301F-11D3-BF4B-00C04F79EFBC}") = "HFM.Client.Tests", "HFM.Client.Tests\HFM.Client.Tests.csproj", "{F71E7E48-B758-4CC1-9FC3-01BD1F367B10}"
EndProject
Project("{FAE04EC0-301F-11D3-BF4B-00C04F79EFBC}") = "HFM.Client.Tool", "HFM.Client.Tool\HFM.Client.Tool.csproj", "{6166E2AF-F49B-4FEA-8528-9E806766052B}"
EndProject
Global
	GlobalSection(SolutionConfigurationPlatforms) = preSolution
		Debug|Any CPU = Debug|Any CPU
		Release|Any CPU = Release|Any CPU
		ReleaseMerge|Any CPU = ReleaseMerge|Any CPU
	EndGlobalSection
	GlobalSection(ProjectConfigurationPlatforms) = postSolution
		{B1BB2AF4-5C2F-42A7-80B4-7291D3E4BC39}.Debug|Any CPU.ActiveCfg = Debug|Any CPU
		{B1BB2AF4-5C2F-42A7-80B4-7291D3E4BC39}.Debug|Any CPU.Build.0 = Debug|Any CPU
		{B1BB2AF4-5C2F-42A7-80B4-7291D3E4BC39}.Release|Any CPU.ActiveCfg = Release|Any CPU
		{B1BB2AF4-5C2F-42A7-80B4-7291D3E4BC39}.Release|Any CPU.Build.0 = Release|Any CPU
		{B1BB2AF4-5C2F-42A7-80B4-7291D3E4BC39}.ReleaseMerge|Any CPU.ActiveCfg = Release|Any CPU
		{B1BB2AF4-5C2F-42A7-80B4-7291D3E4BC39}.ReleaseMerge|Any CPU.Build.0 = Release|Any CPU
		{F71E7E48-B758-4CC1-9FC3-01BD1F367B10}.Debug|Any CPU.ActiveCfg = Debug|Any CPU
		{F71E7E48-B758-4CC1-9FC3-01BD1F367B10}.Debug|Any CPU.Build.0 = Debug|Any CPU
		{F71E7E48-B758-4CC1-9FC3-01BD1F367B10}.Release|Any CPU.ActiveCfg = Release|Any CPU
		{F71E7E48-B758-4CC1-9FC3-01BD1F367B10}.Release|Any CPU.Build.0 = Release|Any CPU
		{F71E7E48-B758-4CC1-9FC3-01BD1F367B10}.ReleaseMerge|Any CPU.ActiveCfg = Release|Any CPU
		{F71E7E48-B758-4CC1-9FC3-01BD1F367B10}.ReleaseMerge|Any CPU.Build.0 = Release|Any CPU
		{6166E2AF-F49B-4FEA-8528-9E806766052B}.Debug|Any CPU.ActiveCfg = Debug|Any CPU
		{6166E2AF-F49B-4FEA-8528-9E806766052B}.Debug|Any CPU.Build.0 = Debug|Any CPU
		{6166E2AF-F49B-4FEA-8528-9E806766052B}.Release|Any CPU.ActiveCfg = Release|Any CPU
		{6166E2AF-F49B-4FEA-8528-9E806766052B}.Release|Any CPU.Build.0 = Release|Any CPU
		{6166E2AF-F49B-4FEA-8528-9E806766052B}.ReleaseMerge|Any CPU.ActiveCfg = ReleaseMerge|Any CPU
		{6166E2AF-F49B-4FEA-8528-9E806766052B}.ReleaseMerge|Any CPU.Build.0 = ReleaseMerge|Any CPU
	EndGlobalSection
	GlobalSection(SolutionProperties) = preSolution
		HideSolutionNode = FALSE
	EndGlobalSection
EndGlobal
